{
  "name": "xls",
  "version": "1.0.0",
  "lockfileVersion": 1,
  "dependencies": {
    "adler-32": {
      "version": "1.0.0",
      "resolved": "https://registry.npmjs.org/adler-32/-/adler-32-1.0.0.tgz",
      "integrity": "sha1-KHKKcXVvYpZm3RZTzYB5Op3xhlE="
    },
    "cfb": {
      "version": "0.11.1",
      "resolved": "https://registry.npmjs.org/cfb/-/cfb-0.11.1.tgz",
      "integrity": "sha1-qW248nKmw/uZ27sj70EiP0i+Hqc="
    },
    "codepage": {
      "version": "1.9.0",
      "resolved": "https://registry.npmjs.org/codepage/-/codepage-1.9.0.tgz",
      "integrity": "sha1-bMbSNyvqhEXP0+xr9fjYZPrPrho="
    },
    "colors": {
      "version": "0.6.2",
      "resolved": "https://registry.npmjs.org/colors/-/colors-0.6.2.tgz",
      "integrity": "sha1-JCP+ZnisDF2uiFLl0OW+CMmXq8w="
    },
    "commander": {
      "version": "2.9.0",
      "resolved": "https://registry.npmjs.org/commander/-/commander-2.9.0.tgz",
      "integrity": "sha1-nJkJQXbhIkDLItbFFGCYQA/g99Q="
    },
    "concat-stream": {
      "version": "1.6.0",
      "resolved": "https://registry.npmjs.org/concat-stream/-/concat-stream-1.6.0.tgz",
      "integrity": "sha1-CqxmL9Ur54lk1VMvaUeE5wEQrPc="
    },
    "core-util-is": {
      "version": "1.0.2",
      "resolved": "https://registry.npmjs.org/core-util-is/-/core-util-is-1.0.2.tgz",
      "integrity": "sha1-tf1UIgqivFq1eqtxQMlAdUUDwac="
    },
    "crc-32": {
      "version": "1.0.2",
      "resolved": "https://registry.npmjs.org/crc-32/-/crc-32-1.0.2.tgz",
      "integrity": "sha1-CVB5hO6bzOO9G4hh8N6KsQroGH0="
    },
    "exit-on-epipe": {
      "version": "1.0.0",
      "resolved": "https://registry.npmjs.org/exit-on-epipe/-/exit-on-epipe-1.0.0.tgz",
      "integrity": "sha1-9uBXnIIU0zoIEJ/W4uXB28cEY/w="
    },
    "frac": {
      "version": "0.3.1",
      "resolved": "https://registry.npmjs.org/frac/-/frac-0.3.1.tgz",
      "integrity": "sha1-V3Z3t/3L5vr3xGHxgB00E3zaQ1Q="
    },
    "graceful-readlink": {
      "version": "1.0.1",
      "resolved": "https://registry.npmjs.org/graceful-readlink/-/graceful-readlink-1.0.1.tgz",
      "integrity": "sha1-TK+tdrxi8C+gObL5Tpo906ORpyU="
    },
    "inherits": {
      "version": "2.0.3",
      "resolved": "https://registry.npmjs.org/inherits/-/inherits-2.0.3.tgz",
      "integrity": "sha1-Yzwsg+PaQqUC9SRmAiSA9CCCYd4="
    },
    "isarray": {
      "version": "1.0.0",
      "resolved": "https://registry.npmjs.org/isarray/-/isarray-1.0.0.tgz",
      "integrity": "sha1-u5NdSFgsuhaMBoNJV6VKPgcSTxE="
    },
    "node-xlsx": {
      "version": "0.7.4",
      "resolved": "https://registry.npmjs.org/node-xlsx/-/node-xlsx-0.7.4.tgz",
      "integrity": "sha1-HDMY5DtsfKTQG625+I8nejHoqAU="
    },
    "printj": {
      "version": "1.0.0",
      "resolved": "https://registry.npmjs.org/printj/-/printj-1.0.0.tgz",
      "integrity": "sha1-XDfebFdyo/7YRoOZwgY7WyJSiGc="
    },
    "process-nextick-args": {
      "version": "1.0.7",
      "resolved": "https://registry.npmjs.org/process-nextick-args/-/process-nextick-args-1.0.7.tgz",
      "integrity": "sha1-FQ4gt1ZZCtP5EJPyWk8q2L/zC6M="
    },
    "readable-stream": {
      "version": "2.2.11",
      "resolved": "https://registry.npmjs.org/readable-stream/-/readable-stream-2.2.11.tgz",
      "integrity": "sha512-h+8+r3MKEhkiVrwdKL8aWs1oc1VvBu33ueshOvS26RsZQ3Amhx/oO3TKe4lApSV9ueY6as8EAh7mtuFjdlhg9Q=="
    },
    "safe-buffer": {
      "version": "5.0.1",
      "resolved": "https://registry.npmjs.org/safe-buffer/-/safe-buffer-5.0.1.tgz",
      "integrity": "sha1-0mPKVGls2KMGtcplUekt5XkY++c="
    },
    "ssf": {
      "version": "0.8.2",
      "resolved": "https://registry.npmjs.org/ssf/-/ssf-0.8.2.tgz",
      "integrity": "sha1-udTcahwbz3b4q/qW19dlb7Kr7NY="
    },
    "string_decoder": {
      "version": "1.0.2",
      "resolved": "https://registry.npmjs.org/string_decoder/-/string_decoder-1.0.2.tgz",
      "integrity": "sha1-sp4fThEl+pehA4K4pTNze3SR4Xk="
    },
    "typedarray": {
      "version": "0.0.6",
      "resolved": "https://registry.npmjs.org/typedarray/-/typedarray-0.0.6.tgz",
      "integrity": "sha1-hnrHTjhkGHsdPUfZlqeOxciDB3c="
    },
    "util-deprecate": {
      "version": "1.0.2",
      "resolved": "https://registry.npmjs.org/util-deprecate/-/util-deprecate-1.0.2.tgz",
      "integrity": "sha1-RQ1Nyfpw3nMnYvvS1KKJgUGaDM8="
    },
    "voc": {
      "version": "0.5.0",
      "resolved": "https://registry.npmjs.org/voc/-/voc-0.5.0.tgz",
      "integrity": "sha1-vmynx25KV9kwzID2sx+9gMqGBFw="
    },
    "xlsx": {
      "version": "0.8.8",
      "resolved": "https://registry.npmjs.org/xlsx/-/xlsx-0.8.8.tgz",
      "integrity": "sha1-uS124LXk8GDJII1LdEdWUQRDhTo="
    }
  }
}
